
Microsoft Visual Studio Solution File, Format Version 12.00
# Visual Studio Version 16
VisualStudioVersion = 16.0.32002.261
MinimumVisualStudioVersion = 10.0.40219.1
Project("{9A19103F-16F7-4668-BE54-9A1E7A4F7556}") = "01_Basic", "01_Basic\01_Basic.csproj", "{CC267E82-6DDF-433F-80CE-52D2D2E10250}"
EndProject
Project("{FAE04EC0-301F-11D3-BF4B-00C04F79EFBC}") = "02_BitmapPlayground", "02_BitmapPlayground\02_BitmapPlayground\02_BitmapPlayground.csproj", "{D0298F03-9069-4A54-A61B-AE821CD6B1F5}"
EndProject
Project("{FAE04EC0-301F-11D3-BF4B-00C04F79EFBC}") = "BitmapFilters", "02_BitmapPlayground\BitmapFilters\BitmapFilters.csproj", "{41A5A28D-1271-4EC0-BBF5-443D446B3F73}"
EndProject
Project("{FAE04EC0-301F-11D3-BF4B-00C04F79EFBC}") = "04_FileConverter", "04_FileConverter\04_FileConverter\04_FileConverter.csproj", "{87A0F289-5080-41C8-825A-706031F00CC0}"
EndProject
Project("{9A19103F-16F7-4668-BE54-9A1E7A4F7556}") = "MonthlyIncomeExpense", "MonthlyIncomeExpense\MonthlyIncomeExpense.csproj", "{7E92D176-E990-44F3-A1F7-353DB11E0FA5}"
EndProject
Project("{9A19103F-16F7-4668-BE54-9A1E7A4F7556}") = "DataAccessLayer", "DataAccessLayer\DataAccessLayer.csproj", "{DCD30803-6ABB-48FE-A5ED-10E999E89ACB}"
EndProject
Global
	GlobalSection(SolutionConfigurationPlatforms) = preSolution
		Debug|Any CPU = Debug|Any CPU
		Release|Any CPU = Release|Any CPU
	EndGlobalSection
	GlobalSection(ProjectConfigurationPlatforms) = postSolution
		{CC267E82-6DDF-433F-80CE-52D2D2E10250}.Debug|Any CPU.ActiveCfg = Debug|Any CPU
		{CC267E82-6DDF-433F-80CE-52D2D2E10250}.Debug|Any CPU.Build.0 = Debug|Any CPU
		{CC267E82-6DDF-433F-80CE-52D2D2E10250}.Release|Any CPU.ActiveCfg = Release|Any CPU
		{CC267E82-6DDF-433F-80CE-52D2D2E10250}.Release|Any CPU.Build.0 = Release|Any CPU
		{D0298F03-9069-4A54-A61B-AE821CD6B1F5}.Debug|Any CPU.ActiveCfg = Debug|Any CPU
		{D0298F03-9069-4A54-A61B-AE821CD6B1F5}.Debug|Any CPU.Build.0 = Debug|Any CPU
		{D0298F03-9069-4A54-A61B-AE821CD6B1F5}.Release|Any CPU.ActiveCfg = Release|Any CPU
		{D0298F03-9069-4A54-A61B-AE821CD6B1F5}.Release|Any CPU.Build.0 = Release|Any CPU
		{41A5A28D-1271-4EC0-BBF5-443D446B3F73}.Debug|Any CPU.ActiveCfg = Debug|Any CPU
		{41A5A28D-1271-4EC0-BBF5-443D446B3F73}.Debug|Any CPU.Build.0 = Debug|Any CPU
		{41A5A28D-1271-4EC0-BBF5-443D446B3F73}.Release|Any CPU.ActiveCfg = Release|Any CPU
		{41A5A28D-1271-4EC0-BBF5-443D446B3F73}.Release|Any CPU.Build.0 = Release|Any CPU
		{87A0F289-5080-41C8-825A-706031F00CC0}.Debug|Any CPU.ActiveCfg = Debug|Any CPU
		{87A0F289-5080-41C8-825A-706031F00CC0}.Debug|Any CPU.Build.0 = Debug|Any CPU
		{87A0F289-5080-41C8-825A-706031F00CC0}.Release|Any CPU.ActiveCfg = Release|Any CPU
		{87A0F289-5080-41C8-825A-706031F00CC0}.Release|Any CPU.Build.0 = Release|Any CPU
		{7E92D176-E990-44F3-A1F7-353DB11E0FA5}.Debug|Any CPU.ActiveCfg = Debug|Any CPU
		{7E92D176-E990-44F3-A1F7-353DB11E0FA5}.Debug|Any CPU.Build.0 = Debug|Any CPU
		{7E92D176-E990-44F3-A1F7-353DB11E0FA5}.Release|Any CPU.ActiveCfg = Release|Any CPU
		{7E92D176-E990-44F3-A1F7-353DB11E0FA5}.Release|Any CPU.Build.0 = Release|Any CPU
		{DCD30803-6ABB-48FE-A5ED-10E999E89ACB}.Debug|Any CPU.ActiveCfg = Debug|Any CPU
		{DCD30803-6ABB-48FE-A5ED-10E999E89ACB}.Debug|Any CPU.Build.0 = Debug|Any CPU
		{DCD30803-6ABB-48FE-A5ED-10E999E89ACB}.Release|Any CPU.ActiveCfg = Release|Any CPU
		{DCD30803-6ABB-48FE-A5ED-10E999E89ACB}.Release|Any CPU.Build.0 = Release|Any CPU
	EndGlobalSection
	GlobalSection(SolutionProperties) = preSolution
		HideSolutionNode = FALSE
	EndGlobalSection
	GlobalSection(ExtensibilityGlobals) = postSolution
		SolutionGuid = {5B97CB24-E2EE-4A9E-B9DA-A2BCDE48AE1A}
	EndGlobalSection
EndGlobal
