
Microsoft Visual Studio Solution File, Format Version 12.00
# Visual Studio 15
VisualStudioVersion = 15.0.28307.421
MinimumVisualStudioVersion = 10.0.40219.1
Project("{FAE04EC0-301F-11D3-BF4B-00C04F79EFBC}") = "04_FileConverter", "04_FileConverter\04_FileConverter.csproj", "{87A0F289-5080-41C8-825A-706031F00CC0}"
EndProject
Global
	GlobalSection(SolutionConfigurationPlatforms) = preSolution
		Debug|Any CPU = Debug|Any CPU
		Release|Any CPU = Release|Any CPU
	EndGlobalSection
	GlobalSection(ProjectConfigurationPlatforms) = postSolution
		{87A0F289-5080-41C8-825A-706031F00CC0}.Debug|Any CPU.ActiveCfg = Debug|Any CPU
		{87A0F289-5080-41C8-825A-706031F00CC0}.Debug|Any CPU.Build.0 = Debug|Any CPU
		{87A0F289-5080-41C8-825A-706031F00CC0}.Release|Any CPU.ActiveCfg = Release|Any CPU
		{87A0F289-5080-41C8-825A-706031F00CC0}.Release|Any CPU.Build.0 = Release|Any CPU
	EndGlobalSection
	GlobalSection(SolutionProperties) = preSolution
		HideSolutionNode = FALSE
	EndGlobalSection
	GlobalSection(ExtensibilityGlobals) = postSolution
		SolutionGuid = {77F282DA-39BD-4F8B-9B2E-A3F8DE6DCCD4}
	EndGlobalSection
EndGlobal
