
Microsoft Visual Studio Solution File, Format Version 12.00
# Visual Studio Version 16
VisualStudioVersion = 16.0.32002.261
MinimumVisualStudioVersion = 10.0.40219.1
Project("{FAE04EC0-301F-11D3-BF4B-00C04F79EFBC}") = "02_BitmapPlayground", "02_BitmapPlayground\02_BitmapPlayground.csproj", "{D0298F03-9069-4A54-A61B-AE821CD6B1F5}"
EndProject
Project("{FAE04EC0-301F-11D3-BF4B-00C04F79EFBC}") = "BitmapFilters", "BitmapFilters\BitmapFilters.csproj", "{41A5A28D-1271-4EC0-BBF5-443D446B3F73}"
EndProject
Global
	GlobalSection(SolutionConfigurationPlatforms) = preSolution
		Debug|Any CPU = Debug|Any CPU
		Release|Any CPU = Release|Any CPU
	EndGlobalSection
	GlobalSection(ProjectConfigurationPlatforms) = postSolution
		{D0298F03-9069-4A54-A61B-AE821CD6B1F5}.Debug|Any CPU.ActiveCfg = Debug|Any CPU
		{D0298F03-9069-4A54-A61B-AE821CD6B1F5}.Debug|Any CPU.Build.0 = Debug|Any CPU
		{D0298F03-9069-4A54-A61B-AE821CD6B1F5}.Release|Any CPU.ActiveCfg = Release|Any CPU
		{D0298F03-9069-4A54-A61B-AE821CD6B1F5}.Release|Any CPU.Build.0 = Release|Any CPU
		{41A5A28D-1271-4EC0-BBF5-443D446B3F73}.Debug|Any CPU.ActiveCfg = Debug|Any CPU
		{41A5A28D-1271-4EC0-BBF5-443D446B3F73}.Debug|Any CPU.Build.0 = Debug|Any CPU
		{41A5A28D-1271-4EC0-BBF5-443D446B3F73}.Release|Any CPU.ActiveCfg = Release|Any CPU
		{41A5A28D-1271-4EC0-BBF5-443D446B3F73}.Release|Any CPU.Build.0 = Release|Any CPU
	EndGlobalSection
	GlobalSection(SolutionProperties) = preSolution
		HideSolutionNode = FALSE
	EndGlobalSection
	GlobalSection(ExtensibilityGlobals) = postSolution
		SolutionGuid = {DBF9E53C-E6F6-4331-ADF1-01A62E5FF194}
	EndGlobalSection
EndGlobal
